
Microsoft Visual Studio Solution File, Format Version 12.00
# Visual Studio 15
Project("{FAE04EC0-301F-11D3-BF4B-00C04F79EFBC}") = "Lab6.Plugins", "Lab6.Plugins.csproj", "{3C145F6D-CC68-52CA-036D-9AC5EF82ABFA}"
EndProject
Project("{FAE04EC0-301F-11D3-BF4B-00C04F79EFBC}") = "Lab6", "Lab6.csproj", "{4BCD72E7-B4F8-D83B-1352-43CAA9B9B005}"
EndProject
Global
	GlobalSection(SolutionConfigurationPlatforms) = preSolution
		Debug|Any CPU = Debug|Any CPU
		Release|Any CPU = Release|Any CPU
	EndGlobalSection
	GlobalSection(ProjectConfigurationPlatforms) = postSolution
		{3C145F6D-CC68-52CA-036D-9AC5EF82ABFA}.Debug|Any CPU.ActiveCfg = Debug|Any CPU
		{3C145F6D-CC68-52CA-036D-9AC5EF82ABFA}.Debug|Any CPU.Build.0 = Debug|Any CPU
		{3C145F6D-CC68-52CA-036D-9AC5EF82ABFA}.Release|Any CPU.ActiveCfg = Release|Any CPU
		{3C145F6D-CC68-52CA-036D-9AC5EF82ABFA}.Release|Any CPU.Build.0 = Release|Any CPU
		{4BCD72E7-B4F8-D83B-1352-43CAA9B9B005}.Debug|Any CPU.ActiveCfg = Debug|Any CPU
		{4BCD72E7-B4F8-D83B-1352-43CAA9B9B005}.Debug|Any CPU.Build.0 = Debug|Any CPU
		{4BCD72E7-B4F8-D83B-1352-43CAA9B9B005}.Release|Any CPU.ActiveCfg = Release|Any CPU
		{4BCD72E7-B4F8-D83B-1352-43CAA9B9B005}.Release|Any CPU.Build.0 = Release|Any CPU
	EndGlobalSection
	GlobalSection(SolutionProperties) = preSolution
		HideSolutionNode = FALSE
	EndGlobalSection
EndGlobal
